{
    "version": 3,
    "terraform_version": "0.11.7",
    "serial": 2,
    "lineage": "016c74f0-55dc-01b9-30e6-f59f2b71e141",
    "modules": [
        {
            "path": [
                "root"
            ],
            "outputs": {
                "IP Address": {
                    "sensitive": false,
                    "type": "string",
                    "value": "172.17.0.2"
                },
                "container_name": {
                    "sensitive": false,
                    "type": "string",
                    "value": "dev_blog"
                }
            },
            "resources": {},
            "depends_on": []
        },
        {
            "path": [
                "root",
                "container"
            ],
            "outputs": {
                "container_name": {
                    "sensitive": false,
                    "type": "string",
                    "value": "dev_blog"
                },
                "ip": {
                    "sensitive": false,
                    "type": "string",
                    "value": "172.17.0.2"
                }
            },
            "resources": {
                "docker_container.container_id": {
                    "type": "docker_container",
                    "depends_on": [],
                    "primary": {
                        "id": "c286fb69255dd4c6fbad4a3206f72257e33d3b22f48a49ce0a6676d911d17eb8",
                        "attributes": {
                            "bridge": "",
                            "gateway": "172.17.0.1",
                            "id": "c286fb69255dd4c6fbad4a3206f72257e33d3b22f48a49ce0a6676d911d17eb8",
                            "image": "sha256:998ed7a41488ac8dc5cc6e2ff042754f8f6a23551ebebbfba3c00cc15962dccc",
                            "ip_address": "172.17.0.2",
                            "ip_prefix_length": "16",
                            "log_driver": "json-file",
                            "must_run": "true",
                            "name": "dev_blog",
                            "ports.#": "1",
                            "ports.1136498792.external": "8080",
                            "ports.1136498792.internal": "2368",
                            "ports.1136498792.ip": "",
                            "ports.1136498792.protocol": "tcp",
                            "restart": "no"
                        },
                        "meta": {},
                        "tainted": false
                    },
                    "deposed": [],
                    "provider": "provider.docker"
                }
            },
            "depends_on": []
        },
        {
            "path": [
                "root",
                "image"
            ],
            "outputs": {
                "image_out": {
                    "sensitive": false,
                    "type": "string",
                    "value": "sha256:998ed7a41488ac8dc5cc6e2ff042754f8f6a23551ebebbfba3c00cc15962dccc"
                }
            },
            "resources": {
                "docker_image.image_id": {
                    "type": "docker_image",
                    "depends_on": [],
                    "primary": {
                        "id": "sha256:998ed7a41488ac8dc5cc6e2ff042754f8f6a23551ebebbfba3c00cc15962dcccghost:latest",
                        "attributes": {
                            "id": "sha256:998ed7a41488ac8dc5cc6e2ff042754f8f6a23551ebebbfba3c00cc15962dcccghost:latest",
                            "latest": "sha256:998ed7a41488ac8dc5cc6e2ff042754f8f6a23551ebebbfba3c00cc15962dccc",
                            "name": "ghost:latest"
                        },
                        "meta": {},
                        "tainted": false
                    },
                    "deposed": [],
                    "provider": "provider.docker"
                }
            },
            "depends_on": []
        }
    ]
}
