{
    "version": 3,
    "terraform_version": "0.11.7",
    "serial": 2,
    "lineage": "82f61206-1127-933d-ce29-b06369ea7540",
    "modules": [
        {
            "path": [
                "root"
            ],
            "outputs": {
                "IP Address": {
                    "sensitive": false,
                    "type": "string",
                    "value": "172.17.0.3"
                },
                "container_name": {
                    "sensitive": false,
                    "type": "string",
                    "value": "prod_blog"
                }
            },
            "resources": {},
            "depends_on": []
        },
        {
            "path": [
                "root",
                "container"
            ],
            "outputs": {
                "container_name": {
                    "sensitive": false,
                    "type": "string",
                    "value": "prod_blog"
                },
                "ip": {
                    "sensitive": false,
                    "type": "string",
                    "value": "172.17.0.3"
                }
            },
            "resources": {
                "docker_container.container_id": {
                    "type": "docker_container",
                    "depends_on": [],
                    "primary": {
                        "id": "931ad1b58535e9a232f7fe3ee71d776ab8e506c014515caf4e933f16bb2082d5",
                        "attributes": {
                            "bridge": "",
                            "gateway": "172.17.0.1",
                            "id": "931ad1b58535e9a232f7fe3ee71d776ab8e506c014515caf4e933f16bb2082d5",
                            "image": "sha256:998ed7a41488ac8dc5cc6e2ff042754f8f6a23551ebebbfba3c00cc15962dccc",
                            "ip_address": "172.17.0.3",
                            "ip_prefix_length": "16",
                            "log_driver": "json-file",
                            "must_run": "true",
                            "name": "prod_blog",
                            "ports.#": "1",
                            "ports.580670141.external": "80",
                            "ports.580670141.internal": "2368",
                            "ports.580670141.ip": "",
                            "ports.580670141.protocol": "tcp",
                            "restart": "no"
                        },
                        "meta": {},
                        "tainted": false
                    },
                    "deposed": [],
                    "provider": "provider.docker"
                }
            },
            "depends_on": []
        },
        {
            "path": [
                "root",
                "image"
            ],
            "outputs": {
                "image_out": {
                    "sensitive": false,
                    "type": "string",
                    "value": "sha256:998ed7a41488ac8dc5cc6e2ff042754f8f6a23551ebebbfba3c00cc15962dccc"
                }
            },
            "resources": {
                "docker_image.image_id": {
                    "type": "docker_image",
                    "depends_on": [],
                    "primary": {
                        "id": "sha256:998ed7a41488ac8dc5cc6e2ff042754f8f6a23551ebebbfba3c00cc15962dcccghost:latest",
                        "attributes": {
                            "id": "sha256:998ed7a41488ac8dc5cc6e2ff042754f8f6a23551ebebbfba3c00cc15962dcccghost:latest",
                            "latest": "sha256:998ed7a41488ac8dc5cc6e2ff042754f8f6a23551ebebbfba3c00cc15962dccc",
                            "name": "ghost:latest"
                        },
                        "meta": {},
                        "tainted": false
                    },
                    "deposed": [],
                    "provider": "provider.docker"
                }
            },
            "depends_on": []
        }
    ]
}
